
Microsoft Visual Studio Solution File, Format Version 12.00
# Visual Studio Version 17
VisualStudioVersion = 17.13.35931.197 d17.13
MinimumVisualStudioVersion = 10.0.40219.1
Project("{FAE04EC0-301F-11D3-BF4B-00C04F79EFBC}") = "YemekTarifiSitem", "YemekTarifiSitem.csproj", "{D67CA3CE-3C0A-4A9C-90D1-EB02FDA7C193}"
EndProject
Global
	GlobalSection(SolutionConfigurationPlatforms) = preSolution
		Debug|Any CPU = Debug|Any CPU
		Release|Any CPU = Release|Any CPU
	EndGlobalSection
	GlobalSection(ProjectConfigurationPlatforms) = postSolution
		{D67CA3CE-3C0A-4A9C-90D1-EB02FDA7C193}.Debug|Any CPU.ActiveCfg = Debug|Any CPU
		{D67CA3CE-3C0A-4A9C-90D1-EB02FDA7C193}.Debug|Any CPU.Build.0 = Debug|Any CPU
		{D67CA3CE-3C0A-4A9C-90D1-EB02FDA7C193}.Release|Any CPU.ActiveCfg = Release|Any CPU
		{D67CA3CE-3C0A-4A9C-90D1-EB02FDA7C193}.Release|Any CPU.Build.0 = Release|Any CPU
	EndGlobalSection
	GlobalSection(SolutionProperties) = preSolution
		HideSolutionNode = FALSE
	EndGlobalSection
	GlobalSection(ExtensibilityGlobals) = postSolution
		SolutionGuid = {81F5C30E-EF33-4843-88DA-9AD4A53487E9}
	EndGlobalSection
EndGlobal
